
Microsoft Visual Studio Solution File, Format Version 12.00
# Visual Studio 15
VisualStudioVersion = 15.0.28010.2016
MinimumVisualStudioVersion = 10.0.40219.1
Project("{FAE04EC0-301F-11D3-BF4B-00C04F79EFBC}") = "EPassBook", "EPassBook\EPassBook.csproj", "{E460FCB6-5ED5-4A01-A38E-9C7A302611CE}"
	ProjectSection(ProjectDependencies) = postProject
		{51F11441-B0E4-47DF-84BF-FDF1E376AB20} = {51F11441-B0E4-47DF-84BF-FDF1E376AB20}
	EndProjectSection
EndProject
Project("{FAE04EC0-301F-11D3-BF4B-00C04F79EFBC}") = "EPassBook.DAL", "EPassBook.DAL\EPassBook.DAL.csproj", "{51F11441-B0E4-47DF-84BF-FDF1E376AB20}"
EndProject
Global
	GlobalSection(SolutionConfigurationPlatforms) = preSolution
		Debug|Any CPU = Debug|Any CPU
		Release|Any CPU = Release|Any CPU
	EndGlobalSection
	GlobalSection(ProjectConfigurationPlatforms) = postSolution
		{E460FCB6-5ED5-4A01-A38E-9C7A302611CE}.Debug|Any CPU.ActiveCfg = Debug|Any CPU
		{E460FCB6-5ED5-4A01-A38E-9C7A302611CE}.Debug|Any CPU.Build.0 = Debug|Any CPU
		{E460FCB6-5ED5-4A01-A38E-9C7A302611CE}.Release|Any CPU.ActiveCfg = Release|Any CPU
		{E460FCB6-5ED5-4A01-A38E-9C7A302611CE}.Release|Any CPU.Build.0 = Release|Any CPU
		{51F11441-B0E4-47DF-84BF-FDF1E376AB20}.Debug|Any CPU.ActiveCfg = Debug|Any CPU
		{51F11441-B0E4-47DF-84BF-FDF1E376AB20}.Debug|Any CPU.Build.0 = Debug|Any CPU
		{51F11441-B0E4-47DF-84BF-FDF1E376AB20}.Release|Any CPU.ActiveCfg = Release|Any CPU
		{51F11441-B0E4-47DF-84BF-FDF1E376AB20}.Release|Any CPU.Build.0 = Release|Any CPU
	EndGlobalSection
	GlobalSection(SolutionProperties) = preSolution
		HideSolutionNode = FALSE
	EndGlobalSection
	GlobalSection(ExtensibilityGlobals) = postSolution
		SolutionGuid = {E2E0B221-A7CE-4637-969D-4320235AFCF9}
	EndGlobalSection
EndGlobal
